// !$*UTF8*$!
{
	archiveVersion = 1;
	classes = {
	};
	objectVersion = 56;
	objects = {

/* Begin PBXBuildFile section */
		8CE0FFF12BF659E700391EF5 /* Configuration.swift in Sources */ = {isa = PBXBuildFile; fileRef = 8CE0FFF02BF659E700391EF5 /* Configuration.swift */; };
		8CEB8AFE2BEDC42900547E66 /* CountrySelectionView.swift in Sources */ = {isa = PBXBuildFile; fileRef = 8CEB8AFD2BEDC42900547E66 /* CountrySelectionView.swift */; };
		8CEB8B022BEDE32D00547E66 /* MessageView.swift in Sources */ = {isa = PBXBuildFile; fileRef = 8CEB8B012BEDE32D00547E66 /* MessageView.swift */; };
		8CEB8B042BEDE73F00547E66 /* Color+Extension.swift in Sources */ = {isa = PBXBuildFile; fileRef = 8CEB8B032BEDE73F00547E66 /* Color+Extension.swift */; };
		8CEB8B072BEDEDE400547E66 /* EventDetailView.swift in Sources */ = {isa = PBXBuildFile; fileRef = 8CEB8B062BEDEDE400547E66 /* EventDetailView.swift */; };
		8CEB8B0A2BEDF05F00547E66 /* TMEventsContainer.swift in Sources */ = {isa = PBXBuildFile; fileRef = 8CEB8B092BEDF05F00547E66 /* TMEventsContainer.swift */; };
		8CEB8B0E2BEF6F8B00547E66 /* Helpers.swift in Sources */ = {isa = PBXBuildFile; fileRef = 8CEB8B0D2BEF6F8B00547E66 /* Helpers.swift */; };
		8CEB8B102BF08C5100547E66 /* RoundedTextView.swift in Sources */ = {isa = PBXBuildFile; fileRef = 8CEB8B0F2BF08C5100547E66 /* RoundedTextView.swift */; };
		8CEB8B122BF17CD300547E66 /* TMSortingOption.swift in Sources */ = {isa = PBXBuildFile; fileRef = 8CEB8B112BF17CD300547E66 /* TMSortingOption.swift */; };
		8CEB8B142BF17E4600547E66 /* EventSortMenu.swift in Sources */ = {isa = PBXBuildFile; fileRef = 8CEB8B132BF17E4600547E66 /* EventSortMenu.swift */; };
		8CEB8B172BF1842300547E66 /* AttractionListView.swift in Sources */ = {isa = PBXBuildFile; fileRef = 8CEB8B162BF1842300547E66 /* AttractionListView.swift */; };
		8CEB8B192BF1842B00547E66 /* AttractionView.swift in Sources */ = {isa = PBXBuildFile; fileRef = 8CEB8B182BF1842B00547E66 /* AttractionView.swift */; };
		8CEB8B1B2BF1843200547E66 /* AttractionDetailView.swift in Sources */ = {isa = PBXBuildFile; fileRef = 8CEB8B1A2BF1843200547E66 /* AttractionDetailView.swift */; };
		8CEB8B1D2BF1852700547E66 /* AttractionList+ViewModel.swift in Sources */ = {isa = PBXBuildFile; fileRef = 8CEB8B1C2BF1852700547E66 /* AttractionList+ViewModel.swift */; };
		8CEB8B212BF186AC00547E66 /* TMAttraction.swift in Sources */ = {isa = PBXBuildFile; fileRef = 8CEB8B202BF186AC00547E66 /* TMAttraction.swift */; };
		8CEB8B232BF186B800547E66 /* TMAttractionsContainer.swift in Sources */ = {isa = PBXBuildFile; fileRef = 8CEB8B222BF186B800547E66 /* TMAttractionsContainer.swift */; };
		8CEB8B252BF1889600547E66 /* TMExternalLinks.swift in Sources */ = {isa = PBXBuildFile; fileRef = 8CEB8B242BF1889600547E66 /* TMExternalLinks.swift */; };
		8CEB8B272BF188A500547E66 /* TMImage.swift in Sources */ = {isa = PBXBuildFile; fileRef = 8CEB8B262BF188A500547E66 /* TMImage.swift */; };
		8CEB8B292BF188BF00547E66 /* TMClassification.swift in Sources */ = {isa = PBXBuildFile; fileRef = 8CEB8B282BF188BF00547E66 /* TMClassification.swift */; };
		8CEB8B2C2BF195DF00547E66 /* VenueSortMenu.swift in Sources */ = {isa = PBXBuildFile; fileRef = 8CEB8B2B2BF195DF00547E66 /* VenueSortMenu.swift */; };
		8CEB8B2E2BF195E800547E66 /* AttractionSortMenu.swift in Sources */ = {isa = PBXBuildFile; fileRef = 8CEB8B2D2BF195E800547E66 /* AttractionSortMenu.swift */; };
		8CEB8B302BF19E1E00547E66 /* TMSocialMedia.swift in Sources */ = {isa = PBXBuildFile; fileRef = 8CEB8B2F2BF19E1E00547E66 /* TMSocialMedia.swift */; };
		8CEB8B332BF1AD2600547E66 /* DiscoverView.swift in Sources */ = {isa = PBXBuildFile; fileRef = 8CEB8B322BF1AD2600547E66 /* DiscoverView.swift */; };
		8CEB8B352BF1B22400547E66 /* Discover+ViewModel.swift in Sources */ = {isa = PBXBuildFile; fileRef = 8CEB8B342BF1B22400547E66 /* Discover+ViewModel.swift */; };
		8CEB8B372BF1B88200547E66 /* TMSectionsContainer.swift in Sources */ = {isa = PBXBuildFile; fileRef = 8CEB8B362BF1B88200547E66 /* TMSectionsContainer.swift */; };
		8CEB8B392BF1B88E00547E66 /* TMSection.swift in Sources */ = {isa = PBXBuildFile; fileRef = 8CEB8B382BF1B88E00547E66 /* TMSection.swift */; };
		8CEB8B3D2BF1C1E600547E66 /* DiscoverResults+ViewModel.swift in Sources */ = {isa = PBXBuildFile; fileRef = 8CEB8B3C2BF1C1E600547E66 /* DiscoverResults+ViewModel.swift */; };
		8CEB8B3F2BF1F40700547E66 /* GenreListView.swift in Sources */ = {isa = PBXBuildFile; fileRef = 8CEB8B3E2BF1F40700547E66 /* GenreListView.swift */; };
		8CEB8B412BF1F71300547E66 /* DiscoverListView.swift in Sources */ = {isa = PBXBuildFile; fileRef = 8CEB8B402BF1F71300547E66 /* DiscoverListView.swift */; };
		8CEB8B432BF5D16700547E66 /* Save.swift in Sources */ = {isa = PBXBuildFile; fileRef = 8CEB8B422BF5D16700547E66 /* Save.swift */; };
		8CEB8B482BF5E02400547E66 /* LoadingState.swift in Sources */ = {isa = PBXBuildFile; fileRef = 8CEB8B472BF5E02400547E66 /* LoadingState.swift */; };
		8CEB8B4A2BF5F5D900547E66 /* PreferencesListView.swift in Sources */ = {isa = PBXBuildFile; fileRef = 8CEB8B492BF5F5D900547E66 /* PreferencesListView.swift */; };
		8CEB8B4C2BF602E400547E66 /* CustomPopover.swift in Sources */ = {isa = PBXBuildFile; fileRef = 8CEB8B4B2BF602E400547E66 /* CustomPopover.swift */; };
		8CEB8B512BF650AE00547E66 /* APOD.swift in Sources */ = {isa = PBXBuildFile; fileRef = 8CEB8B502BF650AE00547E66 /* APOD.swift */; };
		8CF802632BE86F2600EC8586 /* TicketmasterApp.swift in Sources */ = {isa = PBXBuildFile; fileRef = 8CF802622BE86F2600EC8586 /* TicketmasterApp.swift */; };
		8CF802652BE86F2600EC8586 /* EventListView.swift in Sources */ = {isa = PBXBuildFile; fileRef = 8CF802642BE86F2600EC8586 /* EventListView.swift */; };
		8CF802672BE86F2900EC8586 /* Assets.xcassets in Resources */ = {isa = PBXBuildFile; fileRef = 8CF802662BE86F2900EC8586 /* Assets.xcassets */; };
		8CF8026A2BE86F2900EC8586 /* Preview Assets.xcassets in Resources */ = {isa = PBXBuildFile; fileRef = 8CF802692BE86F2900EC8586 /* Preview Assets.xcassets */; };
		8CF802742BE86F2900EC8586 /* TicketmasterTests.swift in Sources */ = {isa = PBXBuildFile; fileRef = 8CF802732BE86F2900EC8586 /* TicketmasterTests.swift */; };
		8CF8027E2BE86F2900EC8586 /* TicketmasterUITests.swift in Sources */ = {isa = PBXBuildFile; fileRef = 8CF8027D2BE86F2900EC8586 /* TicketmasterUITests.swift */; };
		8CF802802BE86F2900EC8586 /* TicketmasterUITestsLaunchTests.swift in Sources */ = {isa = PBXBuildFile; fileRef = 8CF8027F2BE86F2900EC8586 /* TicketmasterUITestsLaunchTests.swift */; };
		8CF8028F2BE86F5500EC8586 /* Endpoint.swift in Sources */ = {isa = PBXBuildFile; fileRef = 8CF8028E2BE86F5500EC8586 /* Endpoint.swift */; };
		8CF802912BE8775300EC8586 /* APIService.swift in Sources */ = {isa = PBXBuildFile; fileRef = 8CF802902BE8775300EC8586 /* APIService.swift */; };
		8CF802952BE87BA500EC8586 /* EventList+ViewModel.swift in Sources */ = {isa = PBXBuildFile; fileRef = 8CF802942BE87BA500EC8586 /* EventList+ViewModel.swift */; };
		8CF802982BE889E100EC8586 /* TMPage.swift in Sources */ = {isa = PBXBuildFile; fileRef = 8CF802972BE889E100EC8586 /* TMPage.swift */; };
		8CF8029A2BE88A1000EC8586 /* TMLinks.swift in Sources */ = {isa = PBXBuildFile; fileRef = 8CF802992BE88A1000EC8586 /* TMLinks.swift */; };
		8CF8029E2BE89FF400EC8586 /* TMCountryCode.swift in Sources */ = {isa = PBXBuildFile; fileRef = 8CF8029D2BE89FF400EC8586 /* TMCountryCode.swift */; };
		8CF802A22BE8ADE300EC8586 /* TMEvent.swift in Sources */ = {isa = PBXBuildFile; fileRef = 8CF802A12BE8ADE300EC8586 /* TMEvent.swift */; };
		8CF802B62BE94AAC00EC8586 /* EventView.swift in Sources */ = {isa = PBXBuildFile; fileRef = 8CF802B52BE94AAC00EC8586 /* EventView.swift */; };
		8CF802B82BE94ABC00EC8586 /* MockData.swift in Sources */ = {isa = PBXBuildFile; fileRef = 8CF802B72BE94ABC00EC8586 /* MockData.swift */; };
		8CF802C52BEAED9B00EC8586 /* TabBarView.swift in Sources */ = {isa = PBXBuildFile; fileRef = 8CF802C42BEAED9B00EC8586 /* TabBarView.swift */; };
		8CF802C72BEAF38E00EC8586 /* TabOption.swift in Sources */ = {isa = PBXBuildFile; fileRef = 8CF802C62BEAF38E00EC8586 /* TabOption.swift */; };
		8CF802CA2BEB014E00EC8586 /* VenueListView.swift in Sources */ = {isa = PBXBuildFile; fileRef = 8CF802C92BEB014E00EC8586 /* VenueListView.swift */; };
		8CF802CC2BEB019400EC8586 /* TabBar+ViewModel.swift in Sources */ = {isa = PBXBuildFile; fileRef = 8CF802CB2BEB019400EC8586 /* TabBar+ViewModel.swift */; };
		8CF802D12BEB04F000EC8586 /* TMVenuesContainer.swift in Sources */ = {isa = PBXBuildFile; fileRef = 8CF802D02BEB04F000EC8586 /* TMVenuesContainer.swift */; };
		8CF802D42BEB059200EC8586 /* TMVenue.swift in Sources */ = {isa = PBXBuildFile; fileRef = 8CF802D32BEB059200EC8586 /* TMVenue.swift */; };
		8CF802D62BEB092400EC8586 /* VenueList+ViewModel.swift in Sources */ = {isa = PBXBuildFile; fileRef = 8CF802D52BEB092400EC8586 /* VenueList+ViewModel.swift */; };
		8CF802D82BEB0B4300EC8586 /* VenueView.swift in Sources */ = {isa = PBXBuildFile; fileRef = 8CF802D72BEB0B4300EC8586 /* VenueView.swift */; };
		8CF802DC2BEBD8B400EC8586 /* ImageView.swift in Sources */ = {isa = PBXBuildFile; fileRef = 8CF802DB2BEBD8B400EC8586 /* ImageView.swift */; };
		8CF802DE2BEBF89400EC8586 /* VenueDetailView.swift in Sources */ = {isa = PBXBuildFile; fileRef = 8CF802DD2BEBF89400EC8586 /* VenueDetailView.swift */; };
/* End PBXBuildFile section */

/* Begin PBXContainerItemProxy section */
		8CF802702BE86F2900EC8586 /* PBXContainerItemProxy */ = {
			isa = PBXContainerItemProxy;
			containerPortal = 8CF802572BE86F2600EC8586 /* Project object */;
			proxyType = 1;
			remoteGlobalIDString = 8CF8025E2BE86F2600EC8586;
			remoteInfo = Ticketmaster;
		};
		8CF8027A2BE86F2900EC8586 /* PBXContainerItemProxy */ = {
			isa = PBXContainerItemProxy;
			containerPortal = 8CF802572BE86F2600EC8586 /* Project object */;
			proxyType = 1;
			remoteGlobalIDString = 8CF8025E2BE86F2600EC8586;
			remoteInfo = Ticketmaster;
		};
/* End PBXContainerItemProxy section */

/* Begin PBXFileReference section */
		8CE0FFF02BF659E700391EF5 /* Configuration.swift */ = {isa = PBXFileReference; lastKnownFileType = sourcecode.swift; path = Configuration.swift; sourceTree = "<group>"; };
		8CEB8AFD2BEDC42900547E66 /* CountrySelectionView.swift */ = {isa = PBXFileReference; lastKnownFileType = sourcecode.swift; path = CountrySelectionView.swift; sourceTree = "<group>"; };
		8CEB8B012BEDE32D00547E66 /* MessageView.swift */ = {isa = PBXFileReference; lastKnownFileType = sourcecode.swift; path = MessageView.swift; sourceTree = "<group>"; };
		8CEB8B032BEDE73F00547E66 /* Color+Extension.swift */ = {isa = PBXFileReference; lastKnownFileType = sourcecode.swift; path = "Color+Extension.swift"; sourceTree = "<group>"; };
		8CEB8B062BEDEDE400547E66 /* EventDetailView.swift */ = {isa = PBXFileReference; lastKnownFileType = sourcecode.swift; path = EventDetailView.swift; sourceTree = "<group>"; };
		8CEB8B092BEDF05F00547E66 /* TMEventsContainer.swift */ = {isa = PBXFileReference; lastKnownFileType = sourcecode.swift; path = TMEventsContainer.swift; sourceTree = "<group>"; };
		8CEB8B0D2BEF6F8B00547E66 /* Helpers.swift */ = {isa = PBXFileReference; lastKnownFileType = sourcecode.swift; path = Helpers.swift; sourceTree = "<group>"; };
		8CEB8B0F2BF08C5100547E66 /* RoundedTextView.swift */ = {isa = PBXFileReference; lastKnownFileType = sourcecode.swift; path = RoundedTextView.swift; sourceTree = "<group>"; };
		8CEB8B112BF17CD300547E66 /* TMSortingOption.swift */ = {isa = PBXFileReference; lastKnownFileType = sourcecode.swift; path = TMSortingOption.swift; sourceTree = "<group>"; };
		8CEB8B132BF17E4600547E66 /* EventSortMenu.swift */ = {isa = PBXFileReference; lastKnownFileType = sourcecode.swift; path = EventSortMenu.swift; sourceTree = "<group>"; };
		8CEB8B162BF1842300547E66 /* AttractionListView.swift */ = {isa = PBXFileReference; lastKnownFileType = sourcecode.swift; path = AttractionListView.swift; sourceTree = "<group>"; };
		8CEB8B182BF1842B00547E66 /* AttractionView.swift */ = {isa = PBXFileReference; lastKnownFileType = sourcecode.swift; path = AttractionView.swift; sourceTree = "<group>"; };
		8CEB8B1A2BF1843200547E66 /* AttractionDetailView.swift */ = {isa = PBXFileReference; lastKnownFileType = sourcecode.swift; path = AttractionDetailView.swift; sourceTree = "<group>"; };
		8CEB8B1C2BF1852700547E66 /* AttractionList+ViewModel.swift */ = {isa = PBXFileReference; lastKnownFileType = sourcecode.swift; path = "AttractionList+ViewModel.swift"; sourceTree = "<group>"; };
		8CEB8B202BF186AC00547E66 /* TMAttraction.swift */ = {isa = PBXFileReference; lastKnownFileType = sourcecode.swift; path = TMAttraction.swift; sourceTree = "<group>"; };
		8CEB8B222BF186B800547E66 /* TMAttractionsContainer.swift */ = {isa = PBXFileReference; lastKnownFileType = sourcecode.swift; path = TMAttractionsContainer.swift; sourceTree = "<group>"; };
		8CEB8B242BF1889600547E66 /* TMExternalLinks.swift */ = {isa = PBXFileReference; lastKnownFileType = sourcecode.swift; path = TMExternalLinks.swift; sourceTree = "<group>"; };
		8CEB8B262BF188A500547E66 /* TMImage.swift */ = {isa = PBXFileReference; lastKnownFileType = sourcecode.swift; path = TMImage.swift; sourceTree = "<group>"; };
		8CEB8B282BF188BF00547E66 /* TMClassification.swift */ = {isa = PBXFileReference; lastKnownFileType = sourcecode.swift; path = TMClassification.swift; sourceTree = "<group>"; };
		8CEB8B2B2BF195DF00547E66 /* VenueSortMenu.swift */ = {isa = PBXFileReference; lastKnownFileType = sourcecode.swift; path = VenueSortMenu.swift; sourceTree = "<group>"; };
		8CEB8B2D2BF195E800547E66 /* AttractionSortMenu.swift */ = {isa = PBXFileReference; lastKnownFileType = sourcecode.swift; path = AttractionSortMenu.swift; sourceTree = "<group>"; };
		8CEB8B2F2BF19E1E00547E66 /* TMSocialMedia.swift */ = {isa = PBXFileReference; lastKnownFileType = sourcecode.swift; path = TMSocialMedia.swift; sourceTree = "<group>"; };
		8CEB8B322BF1AD2600547E66 /* DiscoverView.swift */ = {isa = PBXFileReference; lastKnownFileType = sourcecode.swift; path = DiscoverView.swift; sourceTree = "<group>"; };
		8CEB8B342BF1B22400547E66 /* Discover+ViewModel.swift */ = {isa = PBXFileReference; lastKnownFileType = sourcecode.swift; path = "Discover+ViewModel.swift"; sourceTree = "<group>"; };
		8CEB8B362BF1B88200547E66 /* TMSectionsContainer.swift */ = {isa = PBXFileReference; lastKnownFileType = sourcecode.swift; path = TMSectionsContainer.swift; sourceTree = "<group>"; };
		8CEB8B382BF1B88E00547E66 /* TMSection.swift */ = {isa = PBXFileReference; lastKnownFileType = sourcecode.swift; path = TMSection.swift; sourceTree = "<group>"; };
		8CEB8B3C2BF1C1E600547E66 /* DiscoverResults+ViewModel.swift */ = {isa = PBXFileReference; lastKnownFileType = sourcecode.swift; path = "DiscoverResults+ViewModel.swift"; sourceTree = "<group>"; };
		8CEB8B3E2BF1F40700547E66 /* GenreListView.swift */ = {isa = PBXFileReference; lastKnownFileType = sourcecode.swift; path = GenreListView.swift; sourceTree = "<group>"; };
		8CEB8B402BF1F71300547E66 /* DiscoverListView.swift */ = {isa = PBXFileReference; lastKnownFileType = sourcecode.swift; path = DiscoverListView.swift; sourceTree = "<group>"; };
		8CEB8B422BF5D16700547E66 /* Save.swift */ = {isa = PBXFileReference; lastKnownFileType = sourcecode.swift; path = Save.swift; sourceTree = "<group>"; };
		8CEB8B472BF5E02400547E66 /* LoadingState.swift */ = {isa = PBXFileReference; lastKnownFileType = sourcecode.swift; path = LoadingState.swift; sourceTree = "<group>"; };
		8CEB8B492BF5F5D900547E66 /* PreferencesListView.swift */ = {isa = PBXFileReference; lastKnownFileType = sourcecode.swift; path = PreferencesListView.swift; sourceTree = "<group>"; };
		8CEB8B4B2BF602E400547E66 /* CustomPopover.swift */ = {isa = PBXFileReference; lastKnownFileType = sourcecode.swift; path = CustomPopover.swift; sourceTree = "<group>"; };
		8CEB8B502BF650AE00547E66 /* APOD.swift */ = {isa = PBXFileReference; lastKnownFileType = sourcecode.swift; path = APOD.swift; sourceTree = "<group>"; };
		8CF8025F2BE86F2600EC8586 /* Ticketmaster.app */ = {isa = PBXFileReference; explicitFileType = wrapper.application; includeInIndex = 0; path = Ticketmaster.app; sourceTree = BUILT_PRODUCTS_DIR; };
		8CF802622BE86F2600EC8586 /* TicketmasterApp.swift */ = {isa = PBXFileReference; lastKnownFileType = sourcecode.swift; path = TicketmasterApp.swift; sourceTree = "<group>"; };
		8CF802642BE86F2600EC8586 /* EventListView.swift */ = {isa = PBXFileReference; lastKnownFileType = sourcecode.swift; path = EventListView.swift; sourceTree = "<group>"; };
		8CF802662BE86F2900EC8586 /* Assets.xcassets */ = {isa = PBXFileReference; lastKnownFileType = folder.assetcatalog; path = Assets.xcassets; sourceTree = "<group>"; };
		8CF802692BE86F2900EC8586 /* Preview Assets.xcassets */ = {isa = PBXFileReference; lastKnownFileType = folder.assetcatalog; path = "Preview Assets.xcassets"; sourceTree = "<group>"; };
		8CF8026F2BE86F2900EC8586 /* TicketmasterTests.xctest */ = {isa = PBXFileReference; explicitFileType = wrapper.cfbundle; includeInIndex = 0; path = TicketmasterTests.xctest; sourceTree = BUILT_PRODUCTS_DIR; };
		8CF802732BE86F2900EC8586 /* TicketmasterTests.swift */ = {isa = PBXFileReference; lastKnownFileType = sourcecode.swift; path = TicketmasterTests.swift; sourceTree = "<group>"; };
		8CF802792BE86F2900EC8586 /* TicketmasterUITests.xctest */ = {isa = PBXFileReference; explicitFileType = wrapper.cfbundle; includeInIndex = 0; path = TicketmasterUITests.xctest; sourceTree = BUILT_PRODUCTS_DIR; };
		8CF8027D2BE86F2900EC8586 /* TicketmasterUITests.swift */ = {isa = PBXFileReference; lastKnownFileType = sourcecode.swift; path = TicketmasterUITests.swift; sourceTree = "<group>"; };
		8CF8027F2BE86F2900EC8586 /* TicketmasterUITestsLaunchTests.swift */ = {isa = PBXFileReference; lastKnownFileType = sourcecode.swift; path = TicketmasterUITestsLaunchTests.swift; sourceTree = "<group>"; };
		8CF8028E2BE86F5500EC8586 /* Endpoint.swift */ = {isa = PBXFileReference; lastKnownFileType = sourcecode.swift; path = Endpoint.swift; sourceTree = "<group>"; };
		8CF802902BE8775300EC8586 /* APIService.swift */ = {isa = PBXFileReference; lastKnownFileType = sourcecode.swift; path = APIService.swift; sourceTree = "<group>"; };
		8CF802942BE87BA500EC8586 /* EventList+ViewModel.swift */ = {isa = PBXFileReference; lastKnownFileType = sourcecode.swift; path = "EventList+ViewModel.swift"; sourceTree = "<group>"; };
		8CF802972BE889E100EC8586 /* TMPage.swift */ = {isa = PBXFileReference; lastKnownFileType = sourcecode.swift; path = TMPage.swift; sourceTree = "<group>"; };
		8CF802992BE88A1000EC8586 /* TMLinks.swift */ = {isa = PBXFileReference; lastKnownFileType = sourcecode.swift; path = TMLinks.swift; sourceTree = "<group>"; };
		8CF8029D2BE89FF400EC8586 /* TMCountryCode.swift */ = {isa = PBXFileReference; lastKnownFileType = sourcecode.swift; path = TMCountryCode.swift; sourceTree = "<group>"; };
		8CF802A12BE8ADE300EC8586 /* TMEvent.swift */ = {isa = PBXFileReference; lastKnownFileType = sourcecode.swift; path = TMEvent.swift; sourceTree = "<group>"; };
		8CF802B52BE94AAC00EC8586 /* EventView.swift */ = {isa = PBXFileReference; lastKnownFileType = sourcecode.swift; path = EventView.swift; sourceTree = "<group>"; };
		8CF802B72BE94ABC00EC8586 /* MockData.swift */ = {isa = PBXFileReference; lastKnownFileType = sourcecode.swift; path = MockData.swift; sourceTree = "<group>"; };
		8CF802C42BEAED9B00EC8586 /* TabBarView.swift */ = {isa = PBXFileReference; lastKnownFileType = sourcecode.swift; path = TabBarView.swift; sourceTree = "<group>"; };
		8CF802C62BEAF38E00EC8586 /* TabOption.swift */ = {isa = PBXFileReference; lastKnownFileType = sourcecode.swift; path = TabOption.swift; sourceTree = "<group>"; };
		8CF802C92BEB014E00EC8586 /* VenueListView.swift */ = {isa = PBXFileReference; lastKnownFileType = sourcecode.swift; path = VenueListView.swift; sourceTree = "<group>"; };
		8CF802CB2BEB019400EC8586 /* TabBar+ViewModel.swift */ = {isa = PBXFileReference; lastKnownFileType = sourcecode.swift; path = "TabBar+ViewModel.swift"; sourceTree = "<group>"; };
		8CF802D02BEB04F000EC8586 /* TMVenuesContainer.swift */ = {isa = PBXFileReference; lastKnownFileType = sourcecode.swift; path = TMVenuesContainer.swift; sourceTree = "<group>"; };
		8CF802D32BEB059200EC8586 /* TMVenue.swift */ = {isa = PBXFileReference; lastKnownFileType = sourcecode.swift; path = TMVenue.swift; sourceTree = "<group>"; };
		8CF802D52BEB092400EC8586 /* VenueList+ViewModel.swift */ = {isa = PBXFileReference; lastKnownFileType = sourcecode.swift; path = "VenueList+ViewModel.swift"; sourceTree = "<group>"; };
		8CF802D72BEB0B4300EC8586 /* VenueView.swift */ = {isa = PBXFileReference; lastKnownFileType = sourcecode.swift; path = VenueView.swift; sourceTree = "<group>"; };
		8CF802DB2BEBD8B400EC8586 /* ImageView.swift */ = {isa = PBXFileReference; lastKnownFileType = sourcecode.swift; path = ImageView.swift; sourceTree = "<group>"; };
		8CF802DD2BEBF89400EC8586 /* VenueDetailView.swift */ = {isa = PBXFileReference; lastKnownFileType = sourcecode.swift; path = VenueDetailView.swift; sourceTree = "<group>"; };
/* End PBXFileReference section */

/* Begin PBXFrameworksBuildPhase section */
		8CF8025C2BE86F2600EC8586 /* Frameworks */ = {
			isa = PBXFrameworksBuildPhase;
			buildActionMask = 2147483647;
			files = (
			);
			runOnlyForDeploymentPostprocessing = 0;
		};
		8CF8026C2BE86F2900EC8586 /* Frameworks */ = {
			isa = PBXFrameworksBuildPhase;
			buildActionMask = 2147483647;
			files = (
			);
			runOnlyForDeploymentPostprocessing = 0;
		};
		8CF802762BE86F2900EC8586 /* Frameworks */ = {
			isa = PBXFrameworksBuildPhase;
			buildActionMask = 2147483647;
			files = (
			);
			runOnlyForDeploymentPostprocessing = 0;
		};
/* End PBXFrameworksBuildPhase section */

/* Begin PBXGroup section */
		8CEB8B052BEDEDAA00547E66 /* ViewModels */ = {
			isa = PBXGroup;
			children = (
				8CF802D52BEB092400EC8586 /* VenueList+ViewModel.swift */,
				8CF802CB2BEB019400EC8586 /* TabBar+ViewModel.swift */,
				8CF802942BE87BA500EC8586 /* EventList+ViewModel.swift */,
				8CEB8B1C2BF1852700547E66 /* AttractionList+ViewModel.swift */,
				8CEB8B3C2BF1C1E600547E66 /* DiscoverResults+ViewModel.swift */,
				8CEB8B342BF1B22400547E66 /* Discover+ViewModel.swift */,
			);
			path = ViewModels;
			sourceTree = "<group>";
		};
		8CEB8B082BEDF04B00547E66 /* Events */ = {
			isa = PBXGroup;
			children = (
				8CEB8B092BEDF05F00547E66 /* TMEventsContainer.swift */,
				8CF802A12BE8ADE300EC8586 /* TMEvent.swift */,
			);
			path = Events;
			sourceTree = "<group>";
		};
		8CEB8B152BF1841400547E66 /* Attractions */ = {
			isa = PBXGroup;
			children = (
				8CEB8B162BF1842300547E66 /* AttractionListView.swift */,
				8CEB8B182BF1842B00547E66 /* AttractionView.swift */,
				8CEB8B1A2BF1843200547E66 /* AttractionDetailView.swift */,
			);
			path = Attractions;
			sourceTree = "<group>";
		};
		8CEB8B1E2BF1853900547E66 /* Enums */ = {
			isa = PBXGroup;
			children = (
				8CEB8B112BF17CD300547E66 /* TMSortingOption.swift */,
				8CEB8B2F2BF19E1E00547E66 /* TMSocialMedia.swift */,
				8CF8029D2BE89FF400EC8586 /* TMCountryCode.swift */,
			);
			path = Enums;
			sourceTree = "<group>";
		};
		8CEB8B1F2BF1869E00547E66 /* Attractions */ = {
			isa = PBXGroup;
			children = (
				8CEB8B202BF186AC00547E66 /* TMAttraction.swift */,
				8CEB8B222BF186B800547E66 /* TMAttractionsContainer.swift */,
			);
			path = Attractions;
			sourceTree = "<group>";
		};
		8CEB8B2A2BF194FE00547E66 /* Sorting */ = {
			isa = PBXGroup;
			children = (
				8CEB8B132BF17E4600547E66 /* EventSortMenu.swift */,
				8CEB8B2D2BF195E800547E66 /* AttractionSortMenu.swift */,
				8CEB8B2B2BF195DF00547E66 /* VenueSortMenu.swift */,
			);
			path = Sorting;
			sourceTree = "<group>";
		};
		8CEB8B312BF1AC4C00547E66 /* Discover */ = {
			isa = PBXGroup;
			children = (
				8CEB8B322BF1AD2600547E66 /* DiscoverView.swift */,
				8CEB8B402BF1F71300547E66 /* DiscoverListView.swift */,
			);
			path = Discover;
			sourceTree = "<group>";
		};
		8CEB8B442BF5D28C00547E66 /* Preferences */ = {
			isa = PBXGroup;
			children = (
				8CEB8B492BF5F5D900547E66 /* PreferencesListView.swift */,
			);
			path = Preferences;
			sourceTree = "<group>";
		};
		8CEB8B4F2BF650A000547E66 /* NASA */ = {
			isa = PBXGroup;
			children = (
				8CEB8B502BF650AE00547E66 /* APOD.swift */,
			);
			path = NASA;
			sourceTree = "<group>";
		};
		8CF802562BE86F2600EC8586 = {
			isa = PBXGroup;
			children = (
				8CF802612BE86F2600EC8586 /* Ticketmaster */,
				8CF802722BE86F2900EC8586 /* TicketmasterTests */,
				8CF8027C2BE86F2900EC8586 /* TicketmasterUITests */,
				8CF802602BE86F2600EC8586 /* Products */,
			);
			sourceTree = "<group>";
		};
		8CF802602BE86F2600EC8586 /* Products */ = {
			isa = PBXGroup;
			children = (
				8CF8025F2BE86F2600EC8586 /* Ticketmaster.app */,
				8CF8026F2BE86F2900EC8586 /* TicketmasterTests.xctest */,
				8CF802792BE86F2900EC8586 /* TicketmasterUITests.xctest */,
			);
			name = Products;
			sourceTree = "<group>";
		};
		8CF802612BE86F2600EC8586 /* Ticketmaster */ = {
			isa = PBXGroup;
			children = (
				8CF802622BE86F2600EC8586 /* TicketmasterApp.swift */,
				8CEB8B052BEDEDAA00547E66 /* ViewModels */,
				8CF802D92BEBD89D00EC8586 /* Shared */,
				8CF8029C2BE88A9400EC8586 /* Views */,
				8CF802962BE889CE00EC8586 /* Models */,
				8CF8028D2BE86F4B00EC8586 /* Networking */,
				8CF8028C2BE86F3300EC8586 /* Assets */,
				8CF802682BE86F2900EC8586 /* Preview Content */,
			);
			path = Ticketmaster;
			sourceTree = "<group>";
		};
		8CF802682BE86F2900EC8586 /* Preview Content */ = {
			isa = PBXGroup;
			children = (
				8CF802692BE86F2900EC8586 /* Preview Assets.xcassets */,
			);
			path = "Preview Content";
			sourceTree = "<group>";
		};
		8CF802722BE86F2900EC8586 /* TicketmasterTests */ = {
			isa = PBXGroup;
			children = (
				8CF802732BE86F2900EC8586 /* TicketmasterTests.swift */,
			);
			path = TicketmasterTests;
			sourceTree = "<group>";
		};
		8CF8027C2BE86F2900EC8586 /* TicketmasterUITests */ = {
			isa = PBXGroup;
			children = (
				8CF8027D2BE86F2900EC8586 /* TicketmasterUITests.swift */,
				8CF8027F2BE86F2900EC8586 /* TicketmasterUITestsLaunchTests.swift */,
			);
			path = TicketmasterUITests;
			sourceTree = "<group>";
		};
		8CF8028C2BE86F3300EC8586 /* Assets */ = {
			isa = PBXGroup;
			children = (
				8CF802662BE86F2900EC8586 /* Assets.xcassets */,
			);
			path = Assets;
			sourceTree = "<group>";
		};
		8CF8028D2BE86F4B00EC8586 /* Networking */ = {
			isa = PBXGroup;
			children = (
				8CF8028E2BE86F5500EC8586 /* Endpoint.swift */,
				8CE0FFF02BF659E700391EF5 /* Configuration.swift */,
				8CF802B72BE94ABC00EC8586 /* MockData.swift */,
				8CEB8B472BF5E02400547E66 /* LoadingState.swift */,
				8CEB8B422BF5D16700547E66 /* Save.swift */,
				8CF802902BE8775300EC8586 /* APIService.swift */,
			);
			path = Networking;
			sourceTree = "<group>";
		};
		8CF802962BE889CE00EC8586 /* Models */ = {
			isa = PBXGroup;
			children = (
				8CEB8B4F2BF650A000547E66 /* NASA */,
				8CEB8B1F2BF1869E00547E66 /* Attractions */,
				8CEB8B082BEDF04B00547E66 /* Events */,
				8CF802D22BEB050000EC8586 /* Common */,
				8CF802CF2BEB04E100EC8586 /* Venues */,
				8CF802CE2BEB043900EC8586 /* Sections */,
			);
			path = Models;
			sourceTree = "<group>";
		};
		8CF8029C2BE88A9400EC8586 /* Views */ = {
			isa = PBXGroup;
			children = (
				8CEB8B442BF5D28C00547E66 /* Preferences */,
				8CEB8B312BF1AC4C00547E66 /* Discover */,
				8CEB8B2A2BF194FE00547E66 /* Sorting */,
				8CEB8B152BF1841400547E66 /* Attractions */,
				8CF802C32BEAED8B00EC8586 /* TabBar */,
				8CF802C82BEB013C00EC8586 /* Venues */,
				8CF802B42BE94A9500EC8586 /* Events  */,
			);
			path = Views;
			sourceTree = "<group>";
		};
		8CF802B42BE94A9500EC8586 /* Events  */ = {
			isa = PBXGroup;
			children = (
				8CF802642BE86F2600EC8586 /* EventListView.swift */,
				8CF802B52BE94AAC00EC8586 /* EventView.swift */,
				8CEB8B062BEDEDE400547E66 /* EventDetailView.swift */,
			);
			path = "Events ";
			sourceTree = "<group>";
		};
		8CF802C32BEAED8B00EC8586 /* TabBar */ = {
			isa = PBXGroup;
			children = (
				8CF802C42BEAED9B00EC8586 /* TabBarView.swift */,
				8CF802C62BEAF38E00EC8586 /* TabOption.swift */,
			);
			path = TabBar;
			sourceTree = "<group>";
		};
		8CF802C82BEB013C00EC8586 /* Venues */ = {
			isa = PBXGroup;
			children = (
				8CF802D72BEB0B4300EC8586 /* VenueView.swift */,
				8CF802C92BEB014E00EC8586 /* VenueListView.swift */,
				8CF802DD2BEBF89400EC8586 /* VenueDetailView.swift */,
			);
			path = Venues;
			sourceTree = "<group>";
		};
		8CF802CE2BEB043900EC8586 /* Sections */ = {
			isa = PBXGroup;
			children = (
				8CEB8B362BF1B88200547E66 /* TMSectionsContainer.swift */,
				8CEB8B382BF1B88E00547E66 /* TMSection.swift */,
			);
			path = Sections;
			sourceTree = "<group>";
		};
		8CF802CF2BEB04E100EC8586 /* Venues */ = {
			isa = PBXGroup;
			children = (
				8CF802D02BEB04F000EC8586 /* TMVenuesContainer.swift */,
				8CF802D32BEB059200EC8586 /* TMVenue.swift */,
			);
			path = Venues;
			sourceTree = "<group>";
		};
		8CF802D22BEB050000EC8586 /* Common */ = {
			isa = PBXGroup;
			children = (
				8CF802992BE88A1000EC8586 /* TMLinks.swift */,
				8CEB8B262BF188A500547E66 /* TMImage.swift */,
				8CEB8B282BF188BF00547E66 /* TMClassification.swift */,
				8CEB8B242BF1889600547E66 /* TMExternalLinks.swift */,
				8CF802972BE889E100EC8586 /* TMPage.swift */,
			);
			path = Common;
			sourceTree = "<group>";
		};
		8CF802D92BEBD89D00EC8586 /* Shared */ = {
			isa = PBXGroup;
			children = (
				8CEB8B1E2BF1853900547E66 /* Enums */,
				8CEB8B032BEDE73F00547E66 /* Color+Extension.swift */,
				8CEB8B0D2BEF6F8B00547E66 /* Helpers.swift */,
				8CF802DA2BEBD8A500EC8586 /* Components */,
			);
			path = Shared;
			sourceTree = "<group>";
		};
		8CF802DA2BEBD8A500EC8586 /* Components */ = {
			isa = PBXGroup;
			children = (
				8CF802DB2BEBD8B400EC8586 /* ImageView.swift */,
				8CEB8B0F2BF08C5100547E66 /* RoundedTextView.swift */,
				8CEB8B4B2BF602E400547E66 /* CustomPopover.swift */,
				8CEB8B3E2BF1F40700547E66 /* GenreListView.swift */,
				8CEB8B012BEDE32D00547E66 /* MessageView.swift */,
				8CEB8AFD2BEDC42900547E66 /* CountrySelectionView.swift */,
			);
			path = Components;
			sourceTree = "<group>";
		};
/* End PBXGroup section */

/* Begin PBXNativeTarget section */
		8CF8025E2BE86F2600EC8586 /* Ticketmaster */ = {
			isa = PBXNativeTarget;
			buildConfigurationList = 8CF802832BE86F2900EC8586 /* Build configuration list for PBXNativeTarget "Ticketmaster" */;
			buildPhases = (
				8CF8025B2BE86F2600EC8586 /* Sources */,
				8CF8025C2BE86F2600EC8586 /* Frameworks */,
				8CF8025D2BE86F2600EC8586 /* Resources */,
			);
			buildRules = (
			);
			dependencies = (
			);
			name = Ticketmaster;
			productName = Ticketmaster;
			productReference = 8CF8025F2BE86F2600EC8586 /* Ticketmaster.app */;
			productType = "com.apple.product-type.application";
		};
		8CF8026E2BE86F2900EC8586 /* TicketmasterTests */ = {
			isa = PBXNativeTarget;
			buildConfigurationList = 8CF802862BE86F2900EC8586 /* Build configuration list for PBXNativeTarget "TicketmasterTests" */;
			buildPhases = (
				8CF8026B2BE86F2900EC8586 /* Sources */,
				8CF8026C2BE86F2900EC8586 /* Frameworks */,
				8CF8026D2BE86F2900EC8586 /* Resources */,
			);
			buildRules = (
			);
			dependencies = (
				8CF802712BE86F2900EC8586 /* PBXTargetDependency */,
			);
			name = TicketmasterTests;
			productName = TicketmasterTests;
			productReference = 8CF8026F2BE86F2900EC8586 /* TicketmasterTests.xctest */;
			productType = "com.apple.product-type.bundle.unit-test";
		};
		8CF802782BE86F2900EC8586 /* TicketmasterUITests */ = {
			isa = PBXNativeTarget;
			buildConfigurationList = 8CF802892BE86F2900EC8586 /* Build configuration list for PBXNativeTarget "TicketmasterUITests" */;
			buildPhases = (
				8CF802752BE86F2900EC8586 /* Sources */,
				8CF802762BE86F2900EC8586 /* Frameworks */,
				8CF802772BE86F2900EC8586 /* Resources */,
			);
			buildRules = (
			);
			dependencies = (
				8CF8027B2BE86F2900EC8586 /* PBXTargetDependency */,
			);
			name = TicketmasterUITests;
			productName = TicketmasterUITests;
			productReference = 8CF802792BE86F2900EC8586 /* TicketmasterUITests.xctest */;
			productType = "com.apple.product-type.bundle.ui-testing";
		};
/* End PBXNativeTarget section */

/* Begin PBXProject section */
		8CF802572BE86F2600EC8586 /* Project object */ = {
			isa = PBXProject;
			attributes = {
				BuildIndependentTargetsInParallel = 1;
				LastSwiftUpdateCheck = 1520;
				LastUpgradeCheck = 1520;
				TargetAttributes = {
					8CF8025E2BE86F2600EC8586 = {
						CreatedOnToolsVersion = 15.2;
					};
					8CF8026E2BE86F2900EC8586 = {
						CreatedOnToolsVersion = 15.2;
						TestTargetID = 8CF8025E2BE86F2600EC8586;
					};
					8CF802782BE86F2900EC8586 = {
						CreatedOnToolsVersion = 15.2;
						TestTargetID = 8CF8025E2BE86F2600EC8586;
					};
				};
			};
			buildConfigurationList = 8CF8025A2BE86F2600EC8586 /* Build configuration list for PBXProject "Ticketmaster" */;
			compatibilityVersion = "Xcode 14.0";
			developmentRegion = en;
			hasScannedForEncodings = 0;
			knownRegions = (
				en,
				Base,
			);
			mainGroup = 8CF802562BE86F2600EC8586;
			productRefGroup = 8CF802602BE86F2600EC8586 /* Products */;
			projectDirPath = "";
			projectRoot = "";
			targets = (
				8CF8025E2BE86F2600EC8586 /* Ticketmaster */,
				8CF8026E2BE86F2900EC8586 /* TicketmasterTests */,
				8CF802782BE86F2900EC8586 /* TicketmasterUITests */,
			);
		};
/* End PBXProject section */

/* Begin PBXResourcesBuildPhase section */
		8CF8025D2BE86F2600EC8586 /* Resources */ = {
			isa = PBXResourcesBuildPhase;
			buildActionMask = 2147483647;
			files = (
				8CF8026A2BE86F2900EC8586 /* Preview Assets.xcassets in Resources */,
				8CF802672BE86F2900EC8586 /* Assets.xcassets in Resources */,
			);
			runOnlyForDeploymentPostprocessing = 0;
		};
		8CF8026D2BE86F2900EC8586 /* Resources */ = {
			isa = PBXResourcesBuildPhase;
			buildActionMask = 2147483647;
			files = (
			);
			runOnlyForDeploymentPostprocessing = 0;
		};
		8CF802772BE86F2900EC8586 /* Resources */ = {
			isa = PBXResourcesBuildPhase;
			buildActionMask = 2147483647;
			files = (
			);
			runOnlyForDeploymentPostprocessing = 0;
		};
/* End PBXResourcesBuildPhase section */

/* Begin PBXSourcesBuildPhase section */
		8CF8025B2BE86F2600EC8586 /* Sources */ = {
			isa = PBXSourcesBuildPhase;
			buildActionMask = 2147483647;
			files = (
				8CEB8B3F2BF1F40700547E66 /* GenreListView.swift in Sources */,
				8CEB8B212BF186AC00547E66 /* TMAttraction.swift in Sources */,
				8CF802652BE86F2600EC8586 /* EventListView.swift in Sources */,
				8CEB8B1D2BF1852700547E66 /* AttractionList+ViewModel.swift in Sources */,
				8CEB8B072BEDEDE400547E66 /* EventDetailView.swift in Sources */,
				8CEB8B432BF5D16700547E66 /* Save.swift in Sources */,
				8CF8028F2BE86F5500EC8586 /* Endpoint.swift in Sources */,
				8CF8029A2BE88A1000EC8586 /* TMLinks.swift in Sources */,
				8CEB8B302BF19E1E00547E66 /* TMSocialMedia.swift in Sources */,
				8CF802912BE8775300EC8586 /* APIService.swift in Sources */,
				8CEB8B0A2BEDF05F00547E66 /* TMEventsContainer.swift in Sources */,
				8CEB8B142BF17E4600547E66 /* EventSortMenu.swift in Sources */,
				8CF802952BE87BA500EC8586 /* EventList+ViewModel.swift in Sources */,
				8CEB8B372BF1B88200547E66 /* TMSectionsContainer.swift in Sources */,
				8CF802632BE86F2600EC8586 /* TicketmasterApp.swift in Sources */,
				8CEB8B412BF1F71300547E66 /* DiscoverListView.swift in Sources */,
				8CEB8B482BF5E02400547E66 /* LoadingState.swift in Sources */,
				8CEB8B2E2BF195E800547E66 /* AttractionSortMenu.swift in Sources */,
				8CEB8B1B2BF1843200547E66 /* AttractionDetailView.swift in Sources */,
				8CEB8B122BF17CD300547E66 /* TMSortingOption.swift in Sources */,
				8CF802C72BEAF38E00EC8586 /* TabOption.swift in Sources */,
				8CE0FFF12BF659E700391EF5 /* Configuration.swift in Sources */,
				8CF802DC2BEBD8B400EC8586 /* ImageView.swift in Sources */,
				8CF802C52BEAED9B00EC8586 /* TabBarView.swift in Sources */,
				8CEB8B352BF1B22400547E66 /* Discover+ViewModel.swift in Sources */,
				8CEB8B0E2BEF6F8B00547E66 /* Helpers.swift in Sources */,
				8CEB8B292BF188BF00547E66 /* TMClassification.swift in Sources */,
				8CEB8AFE2BEDC42900547E66 /* CountrySelectionView.swift in Sources */,
				8CEB8B2C2BF195DF00547E66 /* VenueSortMenu.swift in Sources */,
				8CF802D82BEB0B4300EC8586 /* VenueView.swift in Sources */,
				8CEB8B4C2BF602E400547E66 /* CustomPopover.swift in Sources */,
				8CF802982BE889E100EC8586 /* TMPage.swift in Sources */,
				8CEB8B042BEDE73F00547E66 /* Color+Extension.swift in Sources */,
				8CEB8B022BEDE32D00547E66 /* MessageView.swift in Sources */,
				8CEB8B102BF08C5100547E66 /* RoundedTextView.swift in Sources */,
				8CEB8B4A2BF5F5D900547E66 /* PreferencesListView.swift in Sources */,
				8CEB8B252BF1889600547E66 /* TMExternalLinks.swift in Sources */,
				8CEB8B392BF1B88E00547E66 /* TMSection.swift in Sources */,
				8CF802D12BEB04F000EC8586 /* TMVenuesContainer.swift in Sources */,
				8CF802A22BE8ADE300EC8586 /* TMEvent.swift in Sources */,
				8CF8029E2BE89FF400EC8586 /* TMCountryCode.swift in Sources */,
				8CF802B82BE94ABC00EC8586 /* MockData.swift in Sources */,
				8CEB8B172BF1842300547E66 /* AttractionListView.swift in Sources */,
				8CF802D42BEB059200EC8586 /* TMVenue.swift in Sources */,
				8CEB8B332BF1AD2600547E66 /* DiscoverView.swift in Sources */,
				8CF802D62BEB092400EC8586 /* VenueList+ViewModel.swift in Sources */,
				8CF802CC2BEB019400EC8586 /* TabBar+ViewModel.swift in Sources */,
				8CF802DE2BEBF89400EC8586 /* VenueDetailView.swift in Sources */,
				8CEB8B512BF650AE00547E66 /* APOD.swift in Sources */,
				8CF802CA2BEB014E00EC8586 /* VenueListView.swift in Sources */,
				8CEB8B3D2BF1C1E600547E66 /* DiscoverResults+ViewModel.swift in Sources */,
				8CEB8B272BF188A500547E66 /* TMImage.swift in Sources */,
				8CEB8B232BF186B800547E66 /* TMAttractionsContainer.swift in Sources */,
				8CF802B62BE94AAC00EC8586 /* EventView.swift in Sources */,
				8CEB8B192BF1842B00547E66 /* AttractionView.swift in Sources */,
			);
			runOnlyForDeploymentPostprocessing = 0;
		};
		8CF8026B2BE86F2900EC8586 /* Sources */ = {
			isa = PBXSourcesBuildPhase;
			buildActionMask = 2147483647;
			files = (
				8CF802742BE86F2900EC8586 /* TicketmasterTests.swift in Sources */,
			);
			runOnlyForDeploymentPostprocessing = 0;
		};
		8CF802752BE86F2900EC8586 /* Sources */ = {
			isa = PBXSourcesBuildPhase;
			buildActionMask = 2147483647;
			files = (
				8CF802802BE86F2900EC8586 /* TicketmasterUITestsLaunchTests.swift in Sources */,
				8CF8027E2BE86F2900EC8586 /* TicketmasterUITests.swift in Sources */,
			);
			runOnlyForDeploymentPostprocessing = 0;
		};
/* End PBXSourcesBuildPhase section */

/* Begin PBXTargetDependency section */
		8CF802712BE86F2900EC8586 /* PBXTargetDependency */ = {
			isa = PBXTargetDependency;
			target = 8CF8025E2BE86F2600EC8586 /* Ticketmaster */;
			targetProxy = 8CF802702BE86F2900EC8586 /* PBXContainerItemProxy */;
		};
		8CF8027B2BE86F2900EC8586 /* PBXTargetDependency */ = {
			isa = PBXTargetDependency;
			target = 8CF8025E2BE86F2600EC8586 /* Ticketmaster */;
			targetProxy = 8CF8027A2BE86F2900EC8586 /* PBXContainerItemProxy */;
		};
/* End PBXTargetDependency section */

/* Begin XCBuildConfiguration section */
		8CF802812BE86F2900EC8586 /* Debug */ = {
			isa = XCBuildConfiguration;
			buildSettings = {
				ALWAYS_SEARCH_USER_PATHS = NO;
				ASSETCATALOG_COMPILER_GENERATE_SWIFT_ASSET_SYMBOL_EXTENSIONS = YES;
				CLANG_ANALYZER_NONNULL = YES;
				CLANG_ANALYZER_NUMBER_OBJECT_CONVERSION = YES_AGGRESSIVE;
				CLANG_CXX_LANGUAGE_STANDARD = "gnu++20";
				CLANG_ENABLE_MODULES = YES;
				CLANG_ENABLE_OBJC_ARC = YES;
				CLANG_ENABLE_OBJC_WEAK = YES;
				CLANG_WARN_BLOCK_CAPTURE_AUTORELEASING = YES;
				CLANG_WARN_BOOL_CONVERSION = YES;
				CLANG_WARN_COMMA = YES;
				CLANG_WARN_CONSTANT_CONVERSION = YES;
				CLANG_WARN_DEPRECATED_OBJC_IMPLEMENTATIONS = YES;
				CLANG_WARN_DIRECT_OBJC_ISA_USAGE = YES_ERROR;
				CLANG_WARN_DOCUMENTATION_COMMENTS = YES;
				CLANG_WARN_EMPTY_BODY = YES;
				CLANG_WARN_ENUM_CONVERSION = YES;
				CLANG_WARN_INFINITE_RECURSION = YES;
				CLANG_WARN_INT_CONVERSION = YES;
				CLANG_WARN_NON_LITERAL_NULL_CONVERSION = YES;
				CLANG_WARN_OBJC_IMPLICIT_RETAIN_SELF = YES;
				CLANG_WARN_OBJC_LITERAL_CONVERSION = YES;
				CLANG_WARN_OBJC_ROOT_CLASS = YES_ERROR;
				CLANG_WARN_QUOTED_INCLUDE_IN_FRAMEWORK_HEADER = YES;
				CLANG_WARN_RANGE_LOOP_ANALYSIS = YES;
				CLANG_WARN_STRICT_PROTOTYPES = YES;
				CLANG_WARN_SUSPICIOUS_MOVE = YES;
				CLANG_WARN_UNGUARDED_AVAILABILITY = YES_AGGRESSIVE;
				CLANG_WARN_UNREACHABLE_CODE = YES;
				CLANG_WARN__DUPLICATE_METHOD_MATCH = YES;
				COPY_PHASE_STRIP = NO;
				DEBUG_INFORMATION_FORMAT = dwarf;
				ENABLE_STRICT_OBJC_MSGSEND = YES;
				ENABLE_TESTABILITY = YES;
				ENABLE_USER_SCRIPT_SANDBOXING = YES;
				GCC_C_LANGUAGE_STANDARD = gnu17;
				GCC_DYNAMIC_NO_PIC = NO;
				GCC_NO_COMMON_BLOCKS = YES;
				GCC_OPTIMIZATION_LEVEL = 0;
				GCC_PREPROCESSOR_DEFINITIONS = (
					"DEBUG=1",
					"$(inherited)",
				);
				GCC_WARN_64_TO_32_BIT_CONVERSION = YES;
				GCC_WARN_ABOUT_RETURN_TYPE = YES_ERROR;
				GCC_WARN_UNDECLARED_SELECTOR = YES;
				GCC_WARN_UNINITIALIZED_AUTOS = YES_AGGRESSIVE;
				GCC_WARN_UNUSED_FUNCTION = YES;
				GCC_WARN_UNUSED_VARIABLE = YES;
				IPHONEOS_DEPLOYMENT_TARGET = 17.2;
				LOCALIZATION_PREFERS_STRING_CATALOGS = YES;
				MTL_ENABLE_DEBUG_INFO = INCLUDE_SOURCE;
				MTL_FAST_MATH = YES;
				ONLY_ACTIVE_ARCH = YES;
				SDKROOT = iphoneos;
				SWIFT_ACTIVE_COMPILATION_CONDITIONS = "DEBUG $(inherited)";
				SWIFT_OPTIMIZATION_LEVEL = "-Onone";
			};
			name = Debug;
		};
		8CF802822BE86F2900EC8586 /* Release */ = {
			isa = XCBuildConfiguration;
			buildSettings = {
				ALWAYS_SEARCH_USER_PATHS = NO;
				ASSETCATALOG_COMPILER_GENERATE_SWIFT_ASSET_SYMBOL_EXTENSIONS = YES;
				CLANG_ANALYZER_NONNULL = YES;
				CLANG_ANALYZER_NUMBER_OBJECT_CONVERSION = YES_AGGRESSIVE;
				CLANG_CXX_LANGUAGE_STANDARD = "gnu++20";
				CLANG_ENABLE_MODULES = YES;
				CLANG_ENABLE_OBJC_ARC = YES;
				CLANG_ENABLE_OBJC_WEAK = YES;
				CLANG_WARN_BLOCK_CAPTURE_AUTORELEASING = YES;
				CLANG_WARN_BOOL_CONVERSION = YES;
				CLANG_WARN_COMMA = YES;
				CLANG_WARN_CONSTANT_CONVERSION = YES;
				CLANG_WARN_DEPRECATED_OBJC_IMPLEMENTATIONS = YES;
				CLANG_WARN_DIRECT_OBJC_ISA_USAGE = YES_ERROR;
				CLANG_WARN_DOCUMENTATION_COMMENTS = YES;
				CLANG_WARN_EMPTY_BODY = YES;
				CLANG_WARN_ENUM_CONVERSION = YES;
				CLANG_WARN_INFINITE_RECURSION = YES;
				CLANG_WARN_INT_CONVERSION = YES;
				CLANG_WARN_NON_LITERAL_NULL_CONVERSION = YES;
				CLANG_WARN_OBJC_IMPLICIT_RETAIN_SELF = YES;
				CLANG_WARN_OBJC_LITERAL_CONVERSION = YES;
				CLANG_WARN_OBJC_ROOT_CLASS = YES_ERROR;
				CLANG_WARN_QUOTED_INCLUDE_IN_FRAMEWORK_HEADER = YES;
				CLANG_WARN_RANGE_LOOP_ANALYSIS = YES;
				CLANG_WARN_STRICT_PROTOTYPES = YES;
				CLANG_WARN_SUSPICIOUS_MOVE = YES;
				CLANG_WARN_UNGUARDED_AVAILABILITY = YES_AGGRESSIVE;
				CLANG_WARN_UNREACHABLE_CODE = YES;
				CLANG_WARN__DUPLICATE_METHOD_MATCH = YES;
				COPY_PHASE_STRIP = NO;
				DEBUG_INFORMATION_FORMAT = "dwarf-with-dsym";
				ENABLE_NS_ASSERTIONS = NO;
				ENABLE_STRICT_OBJC_MSGSEND = YES;
				ENABLE_USER_SCRIPT_SANDBOXING = YES;
				GCC_C_LANGUAGE_STANDARD = gnu17;
				GCC_NO_COMMON_BLOCKS = YES;
				GCC_WARN_64_TO_32_BIT_CONVERSION = YES;
				GCC_WARN_ABOUT_RETURN_TYPE = YES_ERROR;
				GCC_WARN_UNDECLARED_SELECTOR = YES;
				GCC_WARN_UNINITIALIZED_AUTOS = YES_AGGRESSIVE;
				GCC_WARN_UNUSED_FUNCTION = YES;
				GCC_WARN_UNUSED_VARIABLE = YES;
				IPHONEOS_DEPLOYMENT_TARGET = 17.2;
				LOCALIZATION_PREFERS_STRING_CATALOGS = YES;
				MTL_ENABLE_DEBUG_INFO = NO;
				MTL_FAST_MATH = YES;
				SDKROOT = iphoneos;
				SWIFT_COMPILATION_MODE = wholemodule;
				VALIDATE_PRODUCT = YES;
			};
			name = Release;
		};
		8CF802842BE86F2900EC8586 /* Debug */ = {
			isa = XCBuildConfiguration;
			buildSettings = {
				ASSETCATALOG_COMPILER_APPICON_NAME = AppIcon;
				ASSETCATALOG_COMPILER_GLOBAL_ACCENT_COLOR_NAME = AccentColor;
				CODE_SIGN_IDENTITY = "Apple Development";
				CODE_SIGN_STYLE = Automatic;
				CURRENT_PROJECT_VERSION = 1;
				DEVELOPMENT_ASSET_PATHS = "\"Ticketmaster/Preview Content\"";
				DEVELOPMENT_TEAM = T9X5U9D38C;
				ENABLE_PREVIEWS = YES;
				GENERATE_INFOPLIST_FILE = YES;
				INFOPLIST_KEY_CFBundleDisplayName = TicketmasterAPI;
				INFOPLIST_KEY_LSApplicationCategoryType = "public.app-category.entertainment";
				INFOPLIST_KEY_UIApplicationSceneManifest_Generation = YES;
				INFOPLIST_KEY_UIApplicationSupportsIndirectInputEvents = YES;
				INFOPLIST_KEY_UILaunchScreen_Generation = YES;
				INFOPLIST_KEY_UIRequiresFullScreen = YES;
				INFOPLIST_KEY_UIStatusBarHidden = YES;
				INFOPLIST_KEY_UIStatusBarStyle = UIStatusBarStyleDarkContent;
				INFOPLIST_KEY_UISupportedInterfaceOrientations = UIInterfaceOrientationPortrait;
				IPHONEOS_DEPLOYMENT_TARGET = 17.0;
				LD_RUNPATH_SEARCH_PATHS = (
					"$(inherited)",
					"@executable_path/Frameworks",
				);
				MARKETING_VERSION = 0.1.0;
				PRODUCT_BUNDLE_IDENTIFIER = com.nouman.ticketmasterAPI1;
				PRODUCT_NAME = "$(TARGET_NAME)";
				PROVISIONING_PROFILE_SPECIFIER = "";
				SWIFT_EMIT_LOC_STRINGS = YES;
				SWIFT_VERSION = 5.0;
				TARGETED_DEVICE_FAMILY = "1,2";
			};
			name = Debug;
		};
		8CF802852BE86F2900EC8586 /* Release */ = {
			isa = XCBuildConfiguration;
			buildSettings = {
				ASSETCATALOG_COMPILER_APPICON_NAME = AppIcon;
				ASSETCATALOG_COMPILER_GLOBAL_ACCENT_COLOR_NAME = AccentColor;
				CODE_SIGN_IDENTITY = "Apple Development";
				CODE_SIGN_STYLE = Automatic;
				CURRENT_PROJECT_VERSION = 1;
				DEVELOPMENT_ASSET_PATHS = "\"Ticketmaster/Preview Content\"";
				DEVELOPMENT_TEAM = T9X5U9D38C;
				ENABLE_PREVIEWS = YES;
				GENERATE_INFOPLIST_FILE = YES;
				INFOPLIST_KEY_CFBundleDisplayName = TicketmasterAPI;
				INFOPLIST_KEY_LSApplicationCategoryType = "public.app-category.entertainment";
				INFOPLIST_KEY_UIApplicationSceneManifest_Generation = YES;
				INFOPLIST_KEY_UIApplicationSupportsIndirectInputEvents = YES;
				INFOPLIST_KEY_UILaunchScreen_Generation = YES;
				INFOPLIST_KEY_UIRequiresFullScreen = YES;
				INFOPLIST_KEY_UIStatusBarHidden = YES;
				INFOPLIST_KEY_UIStatusBarStyle = UIStatusBarStyleDarkContent;
				INFOPLIST_KEY_UISupportedInterfaceOrientations = UIInterfaceOrientationPortrait;
				IPHONEOS_DEPLOYMENT_TARGET = 17.0;
				LD_RUNPATH_SEARCH_PATHS = (
					"$(inherited)",
					"@executable_path/Frameworks",
				);
				MARKETING_VERSION = 0.1.0;
				PRODUCT_BUNDLE_IDENTIFIER = com.nouman.ticketmasterAPI1;
				PRODUCT_NAME = "$(TARGET_NAME)";
				PROVISIONING_PROFILE_SPECIFIER = "";
				SWIFT_EMIT_LOC_STRINGS = YES;
				SWIFT_VERSION = 5.0;
				TARGETED_DEVICE_FAMILY = "1,2";
			};
			name = Release;
		};
		8CF802872BE86F2900EC8586 /* Debug */ = {
			isa = XCBuildConfiguration;
			buildSettings = {
				ALWAYS_EMBED_SWIFT_STANDARD_LIBRARIES = YES;
				BUNDLE_LOADER = "$(TEST_HOST)";
				CODE_SIGN_STYLE = Automatic;
				CURRENT_PROJECT_VERSION = 1;
				DEVELOPMENT_TEAM = D949FXATB8;
				GENERATE_INFOPLIST_FILE = YES;
				IPHONEOS_DEPLOYMENT_TARGET = 17.2;
				MARKETING_VERSION = 1.0;
				PRODUCT_BUNDLE_IDENTIFIER = nouman.TicketmasterTests;
				PRODUCT_NAME = "$(TARGET_NAME)";
				SWIFT_EMIT_LOC_STRINGS = NO;
				SWIFT_VERSION = 5.0;
				TARGETED_DEVICE_FAMILY = "1,2";
				TEST_HOST = "$(BUILT_PRODUCTS_DIR)/Ticketmaster.app/$(BUNDLE_EXECUTABLE_FOLDER_PATH)/Ticketmaster";
			};
			name = Debug;
		};
		8CF802882BE86F2900EC8586 /* Release */ = {
			isa = XCBuildConfiguration;
			buildSettings = {
				ALWAYS_EMBED_SWIFT_STANDARD_LIBRARIES = YES;
				BUNDLE_LOADER = "$(TEST_HOST)";
				CODE_SIGN_STYLE = Automatic;
				CURRENT_PROJECT_VERSION = 1;
				DEVELOPMENT_TEAM = D949FXATB8;
				GENERATE_INFOPLIST_FILE = YES;
				IPHONEOS_DEPLOYMENT_TARGET = 17.2;
				MARKETING_VERSION = 1.0;
				PRODUCT_BUNDLE_IDENTIFIER = nouman.TicketmasterTests;
				PRODUCT_NAME = "$(TARGET_NAME)";
				SWIFT_EMIT_LOC_STRINGS = NO;
				SWIFT_VERSION = 5.0;
				TARGETED_DEVICE_FAMILY = "1,2";
				TEST_HOST = "$(BUILT_PRODUCTS_DIR)/Ticketmaster.app/$(BUNDLE_EXECUTABLE_FOLDER_PATH)/Ticketmaster";
			};
			name = Release;
		};
		8CF8028A2BE86F2900EC8586 /* Debug */ = {
			isa = XCBuildConfiguration;
			buildSettings = {
				ALWAYS_EMBED_SWIFT_STANDARD_LIBRARIES = YES;
				CODE_SIGN_STYLE = Automatic;
				CURRENT_PROJECT_VERSION = 1;
				DEVELOPMENT_TEAM = D949FXATB8;
				GENERATE_INFOPLIST_FILE = YES;
				MARKETING_VERSION = 1.0;
				PRODUCT_BUNDLE_IDENTIFIER = nouman.TicketmasterUITests;
				PRODUCT_NAME = "$(TARGET_NAME)";
				SWIFT_EMIT_LOC_STRINGS = NO;
				SWIFT_VERSION = 5.0;
				TARGETED_DEVICE_FAMILY = "1,2";
				TEST_TARGET_NAME = Ticketmaster;
			};
			name = Debug;
		};
		8CF8028B2BE86F2900EC8586 /* Release */ = {
			isa = XCBuildConfiguration;
			buildSettings = {
				ALWAYS_EMBED_SWIFT_STANDARD_LIBRARIES = YES;
				CODE_SIGN_STYLE = Automatic;
				CURRENT_PROJECT_VERSION = 1;
				DEVELOPMENT_TEAM = D949FXATB8;
				GENERATE_INFOPLIST_FILE = YES;
				MARKETING_VERSION = 1.0;
				PRODUCT_BUNDLE_IDENTIFIER = nouman.TicketmasterUITests;
				PRODUCT_NAME = "$(TARGET_NAME)";
				SWIFT_EMIT_LOC_STRINGS = NO;
				SWIFT_VERSION = 5.0;
				TARGETED_DEVICE_FAMILY = "1,2";
				TEST_TARGET_NAME = Ticketmaster;
			};
			name = Release;
		};
/* End XCBuildConfiguration section */

/* Begin XCConfigurationList section */
		8CF8025A2BE86F2600EC8586 /* Build configuration list for PBXProject "Ticketmaster" */ = {
			isa = XCConfigurationList;
			buildConfigurations = (
				8CF802812BE86F2900EC8586 /* Debug */,
				8CF802822BE86F2900EC8586 /* Release */,
			);
			defaultConfigurationIsVisible = 0;
			defaultConfigurationName = Release;
		};
		8CF802832BE86F2900EC8586 /* Build configuration list for PBXNativeTarget "Ticketmaster" */ = {
			isa = XCConfigurationList;
			buildConfigurations = (
				8CF802842BE86F2900EC8586 /* Debug */,
				8CF802852BE86F2900EC8586 /* Release */,
			);
			defaultConfigurationIsVisible = 0;
			defaultConfigurationName = Release;
		};
		8CF802862BE86F2900EC8586 /* Build configuration list for PBXNativeTarget "TicketmasterTests" */ = {
			isa = XCConfigurationList;
			buildConfigurations = (
				8CF802872BE86F2900EC8586 /* Debug */,
				8CF802882BE86F2900EC8586 /* Release */,
			);
			defaultConfigurationIsVisible = 0;
			defaultConfigurationName = Release;
		};
		8CF802892BE86F2900EC8586 /* Build configuration list for PBXNativeTarget "TicketmasterUITests" */ = {
			isa = XCConfigurationList;
			buildConfigurations = (
				8CF8028A2BE86F2900EC8586 /* Debug */,
				8CF8028B2BE86F2900EC8586 /* Release */,
			);
			defaultConfigurationIsVisible = 0;
			defaultConfigurationName = Release;
		};
/* End XCConfigurationList section */
	};
	rootObject = 8CF802572BE86F2600EC8586 /* Project object */;
}
